
Microsoft Visual Studio Solution File, Format Version 12.00
# Visual Studio Version 17
VisualStudioVersion = 17.5.33424.131
MinimumVisualStudioVersion = 10.0.40219.1
Project("{FAE04EC0-301F-11D3-BF4B-00C04F79EFBC}") = "PatrykSłomian_DziennikElektroniczny", "PatrykSłomian_DziennikElektroniczny.csproj", "{18AB7B47-E5BA-4720-B02B-5ED7310B871E}"
EndProject
Global
	GlobalSection(SolutionConfigurationPlatforms) = preSolution
		Debug|Any CPU = Debug|Any CPU
		Release|Any CPU = Release|Any CPU
	EndGlobalSection
	GlobalSection(ProjectConfigurationPlatforms) = postSolution
		{18AB7B47-E5BA-4720-B02B-5ED7310B871E}.Debug|Any CPU.ActiveCfg = Debug|Any CPU
		{18AB7B47-E5BA-4720-B02B-5ED7310B871E}.Debug|Any CPU.Build.0 = Debug|Any CPU
		{18AB7B47-E5BA-4720-B02B-5ED7310B871E}.Release|Any CPU.ActiveCfg = Release|Any CPU
		{18AB7B47-E5BA-4720-B02B-5ED7310B871E}.Release|Any CPU.Build.0 = Release|Any CPU
	EndGlobalSection
	GlobalSection(SolutionProperties) = preSolution
		HideSolutionNode = FALSE
	EndGlobalSection
	GlobalSection(ExtensibilityGlobals) = postSolution
		SolutionGuid = {1157C38B-8A58-4A63-8922-EBA2110ABAF2}
	EndGlobalSection
EndGlobal
